
Microsoft Visual Studio Solution File, Format Version 12.00
Project("{FAE04EC0-301F-11D3-BF4B-00C04F79EFBC}") = "RabbitMQPublisher", "RabbitMQPublisher\RabbitMQPublisher.csproj", "{E27A488A-F5F7-4B03-A544-D1B0ECAF983B}"
EndProject
Global
	GlobalSection(SolutionConfigurationPlatforms) = preSolution
		Debug|Any CPU = Debug|Any CPU
		Release|Any CPU = Release|Any CPU
	EndGlobalSection
	GlobalSection(ProjectConfigurationPlatforms) = postSolution
		{E27A488A-F5F7-4B03-A544-D1B0ECAF983B}.Debug|Any CPU.ActiveCfg = Debug|Any CPU
		{E27A488A-F5F7-4B03-A544-D1B0ECAF983B}.Debug|Any CPU.Build.0 = Debug|Any CPU
		{E27A488A-F5F7-4B03-A544-D1B0ECAF983B}.Release|Any CPU.ActiveCfg = Release|Any CPU
		{E27A488A-F5F7-4B03-A544-D1B0ECAF983B}.Release|Any CPU.Build.0 = Release|Any CPU
	EndGlobalSection
EndGlobal
